
Microsoft Visual Studio Solution File, Format Version 10.00
# Visual C++ Express 2008
Project("{8BC9CEB8-8B4A-11D0-8D11-00A0C91BC942}") = "SFXWin", "SFXWin.vcproj", "{5D631155-EC7A-4873-8EA3-995ED6DAFBDA}"
EndProject
Global
	GlobalSection(SolutionConfigurationPlatforms) = preSolution
		Debug|Win32 = Debug|Win32
		Release|Win32 = Release|Win32
		ReleaseD|Win32 = ReleaseD|Win32
	EndGlobalSection
	GlobalSection(ProjectConfigurationPlatforms) = postSolution
		{5D631155-EC7A-4873-8EA3-995ED6DAFBDA}.Debug|Win32.ActiveCfg = Debug|Win32
		{5D631155-EC7A-4873-8EA3-995ED6DAFBDA}.Debug|Win32.Build.0 = Debug|Win32
		{5D631155-EC7A-4873-8EA3-995ED6DAFBDA}.Release|Win32.ActiveCfg = Release|Win32
		{5D631155-EC7A-4873-8EA3-995ED6DAFBDA}.Release|Win32.Build.0 = Release|Win32
		{5D631155-EC7A-4873-8EA3-995ED6DAFBDA}.ReleaseD|Win32.ActiveCfg = ReleaseD|Win32
		{5D631155-EC7A-4873-8EA3-995ED6DAFBDA}.ReleaseD|Win32.Build.0 = ReleaseD|Win32
	EndGlobalSection
	GlobalSection(SolutionProperties) = preSolution
		HideSolutionNode = FALSE
	EndGlobalSection
EndGlobal
