
Microsoft Visual Studio Solution File, Format Version 10.00
# Visual C++ Express 2008
Project("{8BC9CEB8-8B4A-11D0-8D11-00A0C91BC942}") = "cubeice-ctx", "cubeice-ctx.vcproj", "{C580D316-6704-483D-9930-CC063D3E0800}"
EndProject
Global
	GlobalSection(SolutionConfigurationPlatforms) = preSolution
		Debug|Win32 = Debug|Win32
		Release|Win32 = Release|Win32
	EndGlobalSection
	GlobalSection(ProjectConfigurationPlatforms) = postSolution
		{C580D316-6704-483D-9930-CC063D3E0800}.Debug|Win32.ActiveCfg = Debug|Win32
		{C580D316-6704-483D-9930-CC063D3E0800}.Debug|Win32.Build.0 = Debug|Win32
		{C580D316-6704-483D-9930-CC063D3E0800}.Release|Win32.ActiveCfg = Release|Win32
		{C580D316-6704-483D-9930-CC063D3E0800}.Release|Win32.Build.0 = Release|Win32
	EndGlobalSection
	GlobalSection(SolutionProperties) = preSolution
		HideSolutionNode = FALSE
	EndGlobalSection
EndGlobal
